
Microsoft Visual Studio Solution File, Format Version 12.00
# Visual Studio Version 17
VisualStudioVersion = 17.4.33205.214
MinimumVisualStudioVersion = 10.0.40219.1
Project("{FAE04EC0-301F-11D3-BF4B-00C04F79EFBC}") = "Lab_7", "Lab_7.csproj", "{BCDA9739-A7DE-4B3F-9067-A12AB164F573}"
EndProject
Global
	GlobalSection(SolutionConfigurationPlatforms) = preSolution
		Debug|Any CPU = Debug|Any CPU
		Release|Any CPU = Release|Any CPU
	EndGlobalSection
	GlobalSection(ProjectConfigurationPlatforms) = postSolution
		{BCDA9739-A7DE-4B3F-9067-A12AB164F573}.Debug|Any CPU.ActiveCfg = Debug|Any CPU
		{BCDA9739-A7DE-4B3F-9067-A12AB164F573}.Debug|Any CPU.Build.0 = Debug|Any CPU
		{BCDA9739-A7DE-4B3F-9067-A12AB164F573}.Release|Any CPU.ActiveCfg = Release|Any CPU
		{BCDA9739-A7DE-4B3F-9067-A12AB164F573}.Release|Any CPU.Build.0 = Release|Any CPU
	EndGlobalSection
	GlobalSection(SolutionProperties) = preSolution
		HideSolutionNode = FALSE
	EndGlobalSection
	GlobalSection(ExtensibilityGlobals) = postSolution
		SolutionGuid = {E648DC3B-DCC2-4686-B3B0-95224DF0669F}
	EndGlobalSection
EndGlobal
